
Microsoft Visual Studio Solution File, Format Version 9.00
# Visual C++ Express 2005
Project("{8BC9CEB8-8B4A-11D0-8D11-00A0C91BC942}") = "Project Files", "TangoBindingForLabView8.vcproj", "{F61F3AEF-70F0-47C9-BD20-CAF0CB75A09A}"
EndProject
Global
	GlobalSection(SolutionConfigurationPlatforms) = preSolution
		Debug|Win32 = Debug|Win32
		Release|Win32 = Release|Win32
	EndGlobalSection
	GlobalSection(ProjectConfigurationPlatforms) = postSolution
		{F61F3AEF-70F0-47C9-BD20-CAF0CB75A09A}.Debug|Win32.ActiveCfg = Debug|Win32
		{F61F3AEF-70F0-47C9-BD20-CAF0CB75A09A}.Debug|Win32.Build.0 = Debug|Win32
		{F61F3AEF-70F0-47C9-BD20-CAF0CB75A09A}.Release|Win32.ActiveCfg = Release|Win32
		{F61F3AEF-70F0-47C9-BD20-CAF0CB75A09A}.Release|Win32.Build.0 = Release|Win32
	EndGlobalSection
	GlobalSection(SolutionProperties) = preSolution
		HideSolutionNode = FALSE
	EndGlobalSection
EndGlobal
