// !$*UTF8*$!
{
	archiveVersion = 1;
	classes = {
	};
	objectVersion = 45;
	objects = {

/* Begin PBXBuildFile section */
		3B2FA214114D807E004B9B9A /* liblvexports.a in Frameworks */ = {isa = PBXBuildFile; fileRef = 3B2FA212114D807E004B9B9A /* liblvexports.a */; };
		3B4EB493114D926A0030F740 /* DataAdapter.cpp in Sources */ = {isa = PBXBuildFile; fileRef = 3B4EB476114D926A0030F740 /* DataAdapter.cpp */; };
		3B4EB495114D926A0030F740 /* DeviceDescriptor.cpp in Sources */ = {isa = PBXBuildFile; fileRef = 3B4EB479114D926A0030F740 /* DeviceDescriptor.cpp */; };
		3B4EB497114D926A0030F740 /* DeviceRepository.cpp in Sources */ = {isa = PBXBuildFile; fileRef = 3B4EB47C114D926A0030F740 /* DeviceRepository.cpp */; };
		3B4EB499114D926A0030F740 /* Endianness.cpp in Sources */ = {isa = PBXBuildFile; fileRef = 3B4EB47F114D926A0030F740 /* Endianness.cpp */; };
		3B4EB49B114D926A0030F740 /* ErrorStack.cpp in Sources */ = {isa = PBXBuildFile; fileRef = 3B4EB482114D926A0030F740 /* ErrorStack.cpp */; };
		3B4EB49D114D926A0030F740 /* EventManager.cpp in Sources */ = {isa = PBXBuildFile; fileRef = 3B4EB485114D926A0030F740 /* EventManager.cpp */; };
		3B4EB49F114D926A0030F740 /* GroupDescriptor.cpp in Sources */ = {isa = PBXBuildFile; fileRef = 3B4EB488114D926A0030F740 /* GroupDescriptor.cpp */; };
		3B4EB4A1114D926A0030F740 /* GroupRepository.cpp in Sources */ = {isa = PBXBuildFile; fileRef = 3B4EB48B114D926A0030F740 /* GroupRepository.cpp */; };
		3B4EB4A3114D926A0030F740 /* ObjectManager.cpp in Sources */ = {isa = PBXBuildFile; fileRef = 3B4EB48F114D926A0030F740 /* ObjectManager.cpp */; };
		3B4EB4A4114D926A0030F740 /* TangoBinding.cpp in Sources */ = {isa = PBXBuildFile; fileRef = 3B4EB492114D926A0030F740 /* TangoBinding.cpp */; };
		3B4EB4C6114D947C0030F740 /* ThreadSafeDeviceProxy.cpp in Sources */ = {isa = PBXBuildFile; fileRef = 3B4EB4C3114D947C0030F740 /* ThreadSafeDeviceProxy.cpp */; };
		3BE9E58D114ED10000ECBF28 /* InfoPlist.strings in Resources */ = {isa = PBXBuildFile; fileRef = 3BE9E58B114ED10000ECBF28 /* InfoPlist.strings */; };
		3BE9E622114EE0AA00ECBF28 /* libCOS4.a in Frameworks */ = {isa = PBXBuildFile; fileRef = 3BE9E61E114EE0AA00ECBF28 /* libCOS4.a */; };
		3BE9E623114EE0AA00ECBF28 /* libomniDynamic4.a in Frameworks */ = {isa = PBXBuildFile; fileRef = 3BE9E61F114EE0AA00ECBF28 /* libomniDynamic4.a */; };
		3BE9E624114EE0AA00ECBF28 /* libomniORB4.a in Frameworks */ = {isa = PBXBuildFile; fileRef = 3BE9E620114EE0AA00ECBF28 /* libomniORB4.a */; };
		3BE9E625114EE0AA00ECBF28 /* libomnithread.a in Frameworks */ = {isa = PBXBuildFile; fileRef = 3BE9E621114EE0AA00ECBF28 /* libomnithread.a */; };
		3BE9E62A114EE0B700ECBF28 /* liblog4tango.a in Frameworks */ = {isa = PBXBuildFile; fileRef = 3BE9E628114EE0B700ECBF28 /* liblog4tango.a */; };
		3BE9E62B114EE0B700ECBF28 /* libtango.a in Frameworks */ = {isa = PBXBuildFile; fileRef = 3BE9E629114EE0B700ECBF28 /* libtango.a */; };
		8D576314048677EA00EA77CD /* CoreFoundation.framework in Frameworks */ = {isa = PBXBuildFile; fileRef = 0AA1909FFE8422F4C02AAC07 /* CoreFoundation.framework */; };
/* End PBXBuildFile section */

/* Begin PBXFileReference section */
		0AA1909FFE8422F4C02AAC07 /* CoreFoundation.framework */ = {isa = PBXFileReference; lastKnownFileType = wrapper.framework; name = CoreFoundation.framework; path = /System/Library/Frameworks/CoreFoundation.framework; sourceTree = "<absolute>"; };
		3B2FA20E114D803B004B9B9A /* extcode.h */ = {isa = PBXFileReference; fileEncoding = 4; lastKnownFileType = sourcecode.c.h; name = extcode.h; path = "/Applications/Developpement/National Instruments/LabVIEW 2009/cintools/extcode.h"; sourceTree = "<absolute>"; };
		3B2FA212114D807E004B9B9A /* liblvexports.a */ = {isa = PBXFileReference; lastKnownFileType = archive.ar; name = liblvexports.a; path = "/Applications/Developpement/National Instruments/LabVIEW 2009/cintools/Mach-O/liblvexports.a"; sourceTree = "<absolute>"; };
		3B4EB476114D926A0030F740 /* DataAdapter.cpp */ = {isa = PBXFileReference; fileEncoding = 4; lastKnownFileType = sourcecode.cpp.cpp; name = DataAdapter.cpp; path = ../src/DataAdapter.cpp; sourceTree = SOURCE_ROOT; };
		3B4EB477114D926A0030F740 /* DataAdapter.h */ = {isa = PBXFileReference; fileEncoding = 4; lastKnownFileType = sourcecode.c.h; name = DataAdapter.h; path = ../src/DataAdapter.h; sourceTree = SOURCE_ROOT; };
		3B4EB478114D926A0030F740 /* DataAdapter.i */ = {isa = PBXFileReference; fileEncoding = 4; lastKnownFileType = sourcecode.c.c.preprocessed; name = DataAdapter.i; path = ../src/DataAdapter.i; sourceTree = SOURCE_ROOT; };
		3B4EB479114D926A0030F740 /* DeviceDescriptor.cpp */ = {isa = PBXFileReference; fileEncoding = 4; lastKnownFileType = sourcecode.cpp.cpp; name = DeviceDescriptor.cpp; path = ../src/DeviceDescriptor.cpp; sourceTree = SOURCE_ROOT; };
		3B4EB47A114D926A0030F740 /* DeviceDescriptor.h */ = {isa = PBXFileReference; fileEncoding = 4; lastKnownFileType = sourcecode.c.h; name = DeviceDescriptor.h; path = ../src/DeviceDescriptor.h; sourceTree = SOURCE_ROOT; };
		3B4EB47B114D926A0030F740 /* DeviceDescriptor.i */ = {isa = PBXFileReference; fileEncoding = 4; lastKnownFileType = sourcecode.c.c.preprocessed; name = DeviceDescriptor.i; path = ../src/DeviceDescriptor.i; sourceTree = SOURCE_ROOT; };
		3B4EB47C114D926A0030F740 /* DeviceRepository.cpp */ = {isa = PBXFileReference; fileEncoding = 4; lastKnownFileType = sourcecode.cpp.cpp; name = DeviceRepository.cpp; path = ../src/DeviceRepository.cpp; sourceTree = SOURCE_ROOT; };
		3B4EB47D114D926A0030F740 /* DeviceRepository.h */ = {isa = PBXFileReference; fileEncoding = 4; lastKnownFileType = sourcecode.c.h; name = DeviceRepository.h; path = ../src/DeviceRepository.h; sourceTree = SOURCE_ROOT; };
		3B4EB47E114D926A0030F740 /* DeviceRepository.i */ = {isa = PBXFileReference; fileEncoding = 4; lastKnownFileType = sourcecode.c.c.preprocessed; name = DeviceRepository.i; path = ../src/DeviceRepository.i; sourceTree = SOURCE_ROOT; };
		3B4EB47F114D926A0030F740 /* Endianness.cpp */ = {isa = PBXFileReference; fileEncoding = 4; lastKnownFileType = sourcecode.cpp.cpp; name = Endianness.cpp; path = ../src/Endianness.cpp; sourceTree = SOURCE_ROOT; };
		3B4EB480114D926A0030F740 /* Endianness.h */ = {isa = PBXFileReference; fileEncoding = 4; lastKnownFileType = sourcecode.c.h; name = Endianness.h; path = ../src/Endianness.h; sourceTree = SOURCE_ROOT; };
		3B4EB481114D926A0030F740 /* Endianness.i */ = {isa = PBXFileReference; fileEncoding = 4; lastKnownFileType = sourcecode.c.c.preprocessed; name = Endianness.i; path = ../src/Endianness.i; sourceTree = SOURCE_ROOT; };
		3B4EB482114D926A0030F740 /* ErrorStack.cpp */ = {isa = PBXFileReference; fileEncoding = 4; lastKnownFileType = sourcecode.cpp.cpp; name = ErrorStack.cpp; path = ../src/ErrorStack.cpp; sourceTree = SOURCE_ROOT; };
		3B4EB483114D926A0030F740 /* ErrorStack.h */ = {isa = PBXFileReference; fileEncoding = 4; lastKnownFileType = sourcecode.c.h; name = ErrorStack.h; path = ../src/ErrorStack.h; sourceTree = SOURCE_ROOT; };
		3B4EB484114D926A0030F740 /* ErrorStack.i */ = {isa = PBXFileReference; fileEncoding = 4; lastKnownFileType = sourcecode.c.c.preprocessed; name = ErrorStack.i; path = ../src/ErrorStack.i; sourceTree = SOURCE_ROOT; };
		3B4EB485114D926A0030F740 /* EventManager.cpp */ = {isa = PBXFileReference; fileEncoding = 4; lastKnownFileType = sourcecode.cpp.cpp; name = EventManager.cpp; path = ../src/EventManager.cpp; sourceTree = SOURCE_ROOT; };
		3B4EB486114D926A0030F740 /* EventManager.h */ = {isa = PBXFileReference; fileEncoding = 4; lastKnownFileType = sourcecode.c.h; name = EventManager.h; path = ../src/EventManager.h; sourceTree = SOURCE_ROOT; };
		3B4EB487114D926A0030F740 /* EventManager.i */ = {isa = PBXFileReference; fileEncoding = 4; lastKnownFileType = sourcecode.c.c.preprocessed; name = EventManager.i; path = ../src/EventManager.i; sourceTree = SOURCE_ROOT; };
		3B4EB488114D926A0030F740 /* GroupDescriptor.cpp */ = {isa = PBXFileReference; fileEncoding = 4; lastKnownFileType = sourcecode.cpp.cpp; name = GroupDescriptor.cpp; path = ../src/GroupDescriptor.cpp; sourceTree = SOURCE_ROOT; };
		3B4EB489114D926A0030F740 /* GroupDescriptor.h */ = {isa = PBXFileReference; fileEncoding = 4; lastKnownFileType = sourcecode.c.h; name = GroupDescriptor.h; path = ../src/GroupDescriptor.h; sourceTree = SOURCE_ROOT; };
		3B4EB48A114D926A0030F740 /* GroupDescriptor.i */ = {isa = PBXFileReference; fileEncoding = 4; lastKnownFileType = sourcecode.c.c.preprocessed; name = GroupDescriptor.i; path = ../src/GroupDescriptor.i; sourceTree = SOURCE_ROOT; };
		3B4EB48B114D926A0030F740 /* GroupRepository.cpp */ = {isa = PBXFileReference; fileEncoding = 4; lastKnownFileType = sourcecode.cpp.cpp; name = GroupRepository.cpp; path = ../src/GroupRepository.cpp; sourceTree = SOURCE_ROOT; };
		3B4EB48C114D926A0030F740 /* GroupRepository.h */ = {isa = PBXFileReference; fileEncoding = 4; lastKnownFileType = sourcecode.c.h; name = GroupRepository.h; path = ../src/GroupRepository.h; sourceTree = SOURCE_ROOT; };
		3B4EB48D114D926A0030F740 /* GroupRepository.i */ = {isa = PBXFileReference; fileEncoding = 4; lastKnownFileType = sourcecode.c.c.preprocessed; name = GroupRepository.i; path = ../src/GroupRepository.i; sourceTree = SOURCE_ROOT; };
		3B4EB48E114D926A0030F740 /* LvTypes.h */ = {isa = PBXFileReference; fileEncoding = 4; lastKnownFileType = sourcecode.c.h; name = LvTypes.h; path = ../src/LvTypes.h; sourceTree = SOURCE_ROOT; };
		3B4EB48F114D926A0030F740 /* ObjectManager.cpp */ = {isa = PBXFileReference; fileEncoding = 4; lastKnownFileType = sourcecode.cpp.cpp; name = ObjectManager.cpp; path = ../src/ObjectManager.cpp; sourceTree = SOURCE_ROOT; };
		3B4EB490114D926A0030F740 /* ObjectManager.h */ = {isa = PBXFileReference; fileEncoding = 4; lastKnownFileType = sourcecode.c.h; name = ObjectManager.h; path = ../src/ObjectManager.h; sourceTree = SOURCE_ROOT; };
		3B4EB491114D926A0030F740 /* StandardHeader.h */ = {isa = PBXFileReference; fileEncoding = 4; lastKnownFileType = sourcecode.c.h; name = StandardHeader.h; path = ../src/StandardHeader.h; sourceTree = SOURCE_ROOT; };
		3B4EB492114D926A0030F740 /* TangoBinding.cpp */ = {isa = PBXFileReference; fileEncoding = 4; lastKnownFileType = sourcecode.cpp.cpp; name = TangoBinding.cpp; path = ../src/TangoBinding.cpp; sourceTree = SOURCE_ROOT; };
		3B4EB4C3114D947C0030F740 /* ThreadSafeDeviceProxy.cpp */ = {isa = PBXFileReference; fileEncoding = 4; lastKnownFileType = sourcecode.cpp.cpp; name = ThreadSafeDeviceProxy.cpp; path = ../src/ThreadSafeDeviceProxy.cpp; sourceTree = SOURCE_ROOT; };
		3B4EB4C4114D947C0030F740 /* ThreadSafeDeviceProxy.h */ = {isa = PBXFileReference; fileEncoding = 4; lastKnownFileType = sourcecode.c.h; name = ThreadSafeDeviceProxy.h; path = ../src/ThreadSafeDeviceProxy.h; sourceTree = SOURCE_ROOT; };
		3B4EB4C5114D947C0030F740 /* ThreadSafeDeviceProxy.i */ = {isa = PBXFileReference; fileEncoding = 4; lastKnownFileType = sourcecode.c.c.preprocessed; name = ThreadSafeDeviceProxy.i; path = ../src/ThreadSafeDeviceProxy.i; sourceTree = SOURCE_ROOT; };
		3B4EB4E0114D95EC0030F740 /* tango_binding.framework */ = {isa = PBXFileReference; explicitFileType = wrapper.cfbundle; includeInIndex = 0; path = tango_binding.framework; sourceTree = BUILT_PRODUCTS_DIR; };
		3BE9E589114ED0F900ECBF28 /* Info.plist */ = {isa = PBXFileReference; fileEncoding = 4; lastKnownFileType = text.plist.xml; path = Info.plist; sourceTree = "<group>"; };
		3BE9E58C114ED10000ECBF28 /* English */ = {isa = PBXFileReference; fileEncoding = 4; lastKnownFileType = text.plist.strings; name = English; path = English.lproj/InfoPlist.strings; sourceTree = "<group>"; };
		3BE9E61E114EE0AA00ECBF28 /* libCOS4.a */ = {isa = PBXFileReference; lastKnownFileType = archive.ar; name = libCOS4.a; path = "../../../tango-dist-i386/omniorb/lib-static/libCOS4.a"; sourceTree = SOURCE_ROOT; };
		3BE9E61F114EE0AA00ECBF28 /* libomniDynamic4.a */ = {isa = PBXFileReference; lastKnownFileType = archive.ar; name = libomniDynamic4.a; path = "../../../tango-dist-i386/omniorb/lib-static/libomniDynamic4.a"; sourceTree = SOURCE_ROOT; };
		3BE9E620114EE0AA00ECBF28 /* libomniORB4.a */ = {isa = PBXFileReference; lastKnownFileType = archive.ar; name = libomniORB4.a; path = "../../../tango-dist-i386/omniorb/lib-static/libomniORB4.a"; sourceTree = SOURCE_ROOT; };
		3BE9E621114EE0AA00ECBF28 /* libomnithread.a */ = {isa = PBXFileReference; lastKnownFileType = archive.ar; name = libomnithread.a; path = "../../../tango-dist-i386/omniorb/lib-static/libomnithread.a"; sourceTree = SOURCE_ROOT; };
		3BE9E628114EE0B700ECBF28 /* liblog4tango.a */ = {isa = PBXFileReference; lastKnownFileType = archive.ar; name = liblog4tango.a; path = "../../../tango-dist-i386/tango/lib-static/liblog4tango.a"; sourceTree = SOURCE_ROOT; };
		3BE9E629114EE0B700ECBF28 /* libtango.a */ = {isa = PBXFileReference; lastKnownFileType = archive.ar; name = libtango.a; path = "../../../tango-dist-i386/tango/lib-static/libtango.a"; sourceTree = SOURCE_ROOT; };
/* End PBXFileReference section */

/* Begin PBXFrameworksBuildPhase section */
		8D576313048677EA00EA77CD /* Frameworks */ = {
			isa = PBXFrameworksBuildPhase;
			buildActionMask = 2147483647;
			files = (
				8D576314048677EA00EA77CD /* CoreFoundation.framework in Frameworks */,
				3B2FA214114D807E004B9B9A /* liblvexports.a in Frameworks */,
				3BE9E622114EE0AA00ECBF28 /* libCOS4.a in Frameworks */,
				3BE9E623114EE0AA00ECBF28 /* libomniDynamic4.a in Frameworks */,
				3BE9E624114EE0AA00ECBF28 /* libomniORB4.a in Frameworks */,
				3BE9E625114EE0AA00ECBF28 /* libomnithread.a in Frameworks */,
				3BE9E62A114EE0B700ECBF28 /* liblog4tango.a in Frameworks */,
				3BE9E62B114EE0B700ECBF28 /* libtango.a in Frameworks */,
			);
			runOnlyForDeploymentPostprocessing = 0;
		};
/* End PBXFrameworksBuildPhase section */

/* Begin PBXGroup section */
		089C166AFE841209C02AAC07 /* tango_binding */ = {
			isa = PBXGroup;
			children = (
				08FB77AFFE84173DC02AAC07 /* Source */,
				3BE9E567114ECB7700ECBF28 /* Resources */,
				089C1671FE841209C02AAC07 /* External Frameworks and Libraries */,
				19C28FB6FE9D52B211CA2CBB /* Products */,
			);
			name = tango_binding;
			sourceTree = "<group>";
		};
		089C1671FE841209C02AAC07 /* External Frameworks and Libraries */ = {
			isa = PBXGroup;
			children = (
				3BE9E657114EEA3600ECBF28 /* Apple - Core Foundation */,
				3BE9E656114EEA0900ECBF28 /* NI - CIN Tools */,
				3BE9E655114EE9FD00ECBF28 /* Tango - omniORB */,
				3BE9E654114EE9ED00ECBF28 /* Tango - Core Libraries */,
			);
			name = "External Frameworks and Libraries";
			sourceTree = "<group>";
		};
		08FB77AFFE84173DC02AAC07 /* Source */ = {
			isa = PBXGroup;
			children = (
				3BE9E64A114EE91100ECBF28 /* NI-CIN Tools */,
				3BE9E64D114EE95600ECBF28 /* Headers */,
				3BE9E64C114EE94300ECBF28 /* Inlined Code */,
				3BE9E64B114EE92F00ECBF28 /* Implementation */,
			);
			name = Source;
			sourceTree = "<group>";
		};
		19C28FB6FE9D52B211CA2CBB /* Products */ = {
			isa = PBXGroup;
			children = (
				3B4EB4E0114D95EC0030F740 /* tango_binding.framework */,
			);
			name = Products;
			sourceTree = "<group>";
		};
		3BE9E567114ECB7700ECBF28 /* Resources */ = {
			isa = PBXGroup;
			children = (
				3BE9E589114ED0F900ECBF28 /* Info.plist */,
				3BE9E58B114ED10000ECBF28 /* InfoPlist.strings */,
			);
			name = Resources;
			sourceTree = "<group>";
		};
		3BE9E64A114EE91100ECBF28 /* NI-CIN Tools */ = {
			isa = PBXGroup;
			children = (
				3B2FA20E114D803B004B9B9A /* extcode.h */,
			);
			name = "NI-CIN Tools";
			sourceTree = "<group>";
		};
		3BE9E64B114EE92F00ECBF28 /* Implementation */ = {
			isa = PBXGroup;
			children = (
				3B4EB476114D926A0030F740 /* DataAdapter.cpp */,
				3B4EB479114D926A0030F740 /* DeviceDescriptor.cpp */,
				3B4EB47C114D926A0030F740 /* DeviceRepository.cpp */,
				3B4EB47F114D926A0030F740 /* Endianness.cpp */,
				3B4EB482114D926A0030F740 /* ErrorStack.cpp */,
				3B4EB485114D926A0030F740 /* EventManager.cpp */,
				3B4EB488114D926A0030F740 /* GroupDescriptor.cpp */,
				3B4EB48B114D926A0030F740 /* GroupRepository.cpp */,
				3B4EB48F114D926A0030F740 /* ObjectManager.cpp */,
				3B4EB4C3114D947C0030F740 /* ThreadSafeDeviceProxy.cpp */,
				3B4EB492114D926A0030F740 /* TangoBinding.cpp */,
			);
			name = Implementation;
			sourceTree = "<group>";
		};
		3BE9E64C114EE94300ECBF28 /* Inlined Code */ = {
			isa = PBXGroup;
			children = (
				3B4EB478114D926A0030F740 /* DataAdapter.i */,
				3B4EB47B114D926A0030F740 /* DeviceDescriptor.i */,
				3B4EB47E114D926A0030F740 /* DeviceRepository.i */,
				3B4EB481114D926A0030F740 /* Endianness.i */,
				3B4EB484114D926A0030F740 /* ErrorStack.i */,
				3B4EB487114D926A0030F740 /* EventManager.i */,
				3B4EB48A114D926A0030F740 /* GroupDescriptor.i */,
				3B4EB48D114D926A0030F740 /* GroupRepository.i */,
				3B4EB4C5114D947C0030F740 /* ThreadSafeDeviceProxy.i */,
			);
			name = "Inlined Code";
			sourceTree = "<group>";
		};
		3BE9E64D114EE95600ECBF28 /* Headers */ = {
			isa = PBXGroup;
			children = (
				3B4EB48E114D926A0030F740 /* LvTypes.h */,
				3B4EB491114D926A0030F740 /* StandardHeader.h */,
				3B4EB477114D926A0030F740 /* DataAdapter.h */,
				3B4EB47A114D926A0030F740 /* DeviceDescriptor.h */,
				3B4EB47D114D926A0030F740 /* DeviceRepository.h */,
				3B4EB480114D926A0030F740 /* Endianness.h */,
				3B4EB483114D926A0030F740 /* ErrorStack.h */,
				3B4EB486114D926A0030F740 /* EventManager.h */,
				3B4EB489114D926A0030F740 /* GroupDescriptor.h */,
				3B4EB48C114D926A0030F740 /* GroupRepository.h */,
				3B4EB490114D926A0030F740 /* ObjectManager.h */,
				3B4EB4C4114D947C0030F740 /* ThreadSafeDeviceProxy.h */,
			);
			name = Headers;
			sourceTree = "<group>";
		};
		3BE9E654114EE9ED00ECBF28 /* Tango - Core Libraries */ = {
			isa = PBXGroup;
			children = (
				3BE9E629114EE0B700ECBF28 /* libtango.a */,
				3BE9E628114EE0B700ECBF28 /* liblog4tango.a */,
			);
			name = "Tango - Core Libraries";
			sourceTree = "<group>";
		};
		3BE9E655114EE9FD00ECBF28 /* Tango - omniORB */ = {
			isa = PBXGroup;
			children = (
				3BE9E61E114EE0AA00ECBF28 /* libCOS4.a */,
				3BE9E620114EE0AA00ECBF28 /* libomniORB4.a */,
				3BE9E61F114EE0AA00ECBF28 /* libomniDynamic4.a */,
				3BE9E621114EE0AA00ECBF28 /* libomnithread.a */,
			);
			name = "Tango - omniORB";
			sourceTree = "<group>";
		};
		3BE9E656114EEA0900ECBF28 /* NI - CIN Tools */ = {
			isa = PBXGroup;
			children = (
				3B2FA212114D807E004B9B9A /* liblvexports.a */,
			);
			name = "NI - CIN Tools";
			sourceTree = "<group>";
		};
		3BE9E657114EEA3600ECBF28 /* Apple - Core Foundation */ = {
			isa = PBXGroup;
			children = (
				0AA1909FFE8422F4C02AAC07 /* CoreFoundation.framework */,
			);
			name = "Apple - Core Foundation";
			sourceTree = "<group>";
		};
/* End PBXGroup section */

/* Begin PBXNativeTarget section */
		8D57630D048677EA00EA77CD /* tango_binding */ = {
			isa = PBXNativeTarget;
			buildConfigurationList = 1DEB911A08733D790010E9CD /* Build configuration list for PBXNativeTarget "tango_binding" */;
			buildPhases = (
				8D57630F048677EA00EA77CD /* Resources */,
				8D576311048677EA00EA77CD /* Sources */,
				8D576313048677EA00EA77CD /* Frameworks */,
			);
			buildRules = (
			);
			dependencies = (
			);
			name = tango_binding;
			productInstallPath = "$(HOME)/Library/Bundles";
			productName = tango_binding;
			productReference = 3B4EB4E0114D95EC0030F740 /* tango_binding.framework */;
			productType = "com.apple.product-type.bundle";
		};
/* End PBXNativeTarget section */

/* Begin PBXProject section */
		089C1669FE841209C02AAC07 /* Project object */ = {
			isa = PBXProject;
			buildConfigurationList = 1DEB911E08733D790010E9CD /* Build configuration list for PBXProject "tango_binding" */;
			compatibilityVersion = "Xcode 3.1";
			hasScannedForEncodings = 1;
			mainGroup = 089C166AFE841209C02AAC07 /* tango_binding */;
			projectDirPath = "";
			projectRoot = "";
			targets = (
				8D57630D048677EA00EA77CD /* tango_binding */,
			);
		};
/* End PBXProject section */

/* Begin PBXResourcesBuildPhase section */
		8D57630F048677EA00EA77CD /* Resources */ = {
			isa = PBXResourcesBuildPhase;
			buildActionMask = 2147483647;
			files = (
				3BE9E58D114ED10000ECBF28 /* InfoPlist.strings in Resources */,
			);
			runOnlyForDeploymentPostprocessing = 0;
		};
/* End PBXResourcesBuildPhase section */

/* Begin PBXSourcesBuildPhase section */
		8D576311048677EA00EA77CD /* Sources */ = {
			isa = PBXSourcesBuildPhase;
			buildActionMask = 2147483647;
			files = (
				3B4EB493114D926A0030F740 /* DataAdapter.cpp in Sources */,
				3B4EB495114D926A0030F740 /* DeviceDescriptor.cpp in Sources */,
				3B4EB497114D926A0030F740 /* DeviceRepository.cpp in Sources */,
				3B4EB499114D926A0030F740 /* Endianness.cpp in Sources */,
				3B4EB49B114D926A0030F740 /* ErrorStack.cpp in Sources */,
				3B4EB49D114D926A0030F740 /* EventManager.cpp in Sources */,
				3B4EB49F114D926A0030F740 /* GroupDescriptor.cpp in Sources */,
				3B4EB4A1114D926A0030F740 /* GroupRepository.cpp in Sources */,
				3B4EB4A3114D926A0030F740 /* ObjectManager.cpp in Sources */,
				3B4EB4A4114D926A0030F740 /* TangoBinding.cpp in Sources */,
				3B4EB4C6114D947C0030F740 /* ThreadSafeDeviceProxy.cpp in Sources */,
			);
			runOnlyForDeploymentPostprocessing = 0;
		};
/* End PBXSourcesBuildPhase section */

/* Begin PBXVariantGroup section */
		3BE9E58B114ED10000ECBF28 /* InfoPlist.strings */ = {
			isa = PBXVariantGroup;
			children = (
				3BE9E58C114ED10000ECBF28 /* English */,
			);
			name = InfoPlist.strings;
			sourceTree = "<group>";
		};
/* End PBXVariantGroup section */

/* Begin XCBuildConfiguration section */
		1DEB911B08733D790010E9CD /* Debug */ = {
			isa = XCBuildConfiguration;
			buildSettings = {
				ALWAYS_SEARCH_USER_PATHS = NO;
				ARCHS = i386;
				COPY_PHASE_STRIP = NO;
				DEBUG_INFORMATION_FORMAT = dwarf;
				DYLIB_COMPATIBILITY_VERSION = 1;
				DYLIB_CURRENT_VERSION = 1;
				EXPORTED_SYMBOLS_FILE = "$(SRCROOT)/exported_symbols.txt";
				GCC_C_LANGUAGE_STANDARD = "compiler-default";
				GCC_DYNAMIC_NO_PIC = NO;
				GCC_ENABLE_FIX_AND_CONTINUE = YES;
				GCC_MODEL_TUNING = "";
				GCC_OPTIMIZATION_LEVEL = 0;
				INFOPLIST_EXPAND_BUILD_SETTINGS = YES;
				INFOPLIST_FILE = Info.plist;
				INSTALL_PATH = "$(HOME)/Library/Bundles";
				LD_DYLIB_INSTALL_NAME = "$(DYLIB_INSTALL_NAME_BASE:standardizepath)/$(EXECUTABLE_PATH)";
				LIBRARY_SEARCH_PATHS = (
					"\"$(SRCROOT)/../../../tango-dist-i386/tango/lib-static\"",
					"\"$(SRCROOT)/../../../tango-dist-i386/omniorb/lib-static\"",
					"\"$(SYSTEM_APPS_DIR)/Developpement/National Instruments/LabVIEW 2009/cintools/Mach-O\"",
				);
				LIBRARY_STYLE = DYNAMIC;
				MACH_O_TYPE = mh_dylib;
				MACOSX_DEPLOYMENT_TARGET = 10.5;
				OTHER_CPLUSPLUSFLAGS = "$(OTHER_CFLAGS)";
				PRODUCT_NAME = tango_binding;
				SDKROOT = macosx10.5;
				STRIP_STYLE = debugging;
				USER_HEADER_SEARCH_PATHS = "\"$(SRCROOT)/../src\"";
				VALID_ARCHS = "i386 ppc ppc64 ppc7400 ppc970 x86_64";
				WRAPPER_EXTENSION = framework;
				ZERO_LINK = YES;
			};
			name = Debug;
		};
		1DEB911C08733D790010E9CD /* Release */ = {
			isa = XCBuildConfiguration;
			buildSettings = {
				ALWAYS_SEARCH_USER_PATHS = NO;
				ARCHS = i386;
				DEBUG_INFORMATION_FORMAT = dwarf;
				DYLIB_COMPATIBILITY_VERSION = 1;
				DYLIB_CURRENT_VERSION = 1;
				EXPORTED_SYMBOLS_FILE = "$(SRCROOT)/exported_symbols.txt";
				GCC_C_LANGUAGE_STANDARD = "compiler-default";
				GCC_MODEL_TUNING = "";
				INFOPLIST_EXPAND_BUILD_SETTINGS = YES;
				INFOPLIST_FILE = Info.plist;
				INSTALL_PATH = "$(HOME)/Library/Bundles";
				LD_DYLIB_INSTALL_NAME = "$(DYLIB_INSTALL_NAME_BASE:standardizepath)/$(EXECUTABLE_PATH)";
				LIBRARY_SEARCH_PATHS = (
					"\"$(SRCROOT)/../../../tango-dist-i386/tango/lib-static\"",
					"\"$(SRCROOT)/../../../tango-dist-i386/omniorb/lib-static\"",
					"\"$(SYSTEM_APPS_DIR)/Developpement/National Instruments/LabVIEW 2009/cintools/Mach-O\"",
				);
				LIBRARY_STYLE = DYNAMIC;
				MACH_O_TYPE = mh_dylib;
				MACOSX_DEPLOYMENT_TARGET = 10.5;
				OTHER_CPLUSPLUSFLAGS = "$(OTHER_CFLAGS)";
				PRODUCT_NAME = tango_binding;
				SDKROOT = macosx10.5;
				STRIP_STYLE = debugging;
				USER_HEADER_SEARCH_PATHS = "\"$(SRCROOT)/../src\"";
				VALID_ARCHS = "i386 ppc ppc64 ppc7400 ppc970 x86_64";
				WRAPPER_EXTENSION = framework;
			};
			name = Release;
		};
		1DEB911F08733D790010E9CD /* Debug */ = {
			isa = XCBuildConfiguration;
			buildSettings = {
				ARCHS = "$(ARCHS_STANDARD_32_BIT)";
				GCC_C_LANGUAGE_STANDARD = "compiler-default";
				GCC_MODEL_TUNING = "";
				GCC_OPTIMIZATION_LEVEL = 0;
				GCC_PREPROCESSOR_DEFINITIONS = _DEBUG;
				GCC_WARN_ABOUT_RETURN_TYPE = YES;
				GCC_WARN_UNUSED_VARIABLE = YES;
				HEADER_SEARCH_PATHS = (
					"\"$(SRCROOT)/../../../tango-dist-i386/tango/include\"",
					"\"$(SRCROOT)/../../../tango-dist-i386/omniorb/include\"",
					"\"/Applications/Developpement/National Instruments/LabVIEW 2009/cintools\"",
				);
				LIBRARY_SEARCH_PATHS = (
					"\"$(SRCROOT)/../../../tango-dist-i386/omniorb/lib\"",
					"\"$(SRCROOT)/../../../tango-dist-i386/tango/lib\"",
					"\"/Applications/Developpement/National Instruments/LabVIEW 2009/cintools/Mach-O\"",
				);
				MACH_O_TYPE = "";
				ONLY_ACTIVE_ARCH = YES;
				PREBINDING = NO;
				SDKROOT = macosx10.6;
				USER_HEADER_SEARCH_PATHS = "\"$(SRCROOT)/../src\" \"$(SRCROOT)/../../../tango-dist-i386/tango/include\" \"$(SRCROOT)/../../../tango-dist-i386/omniorb/include\" \"/Applications/Developpement/National Instruments/LabVIEW 2009/cintools\"";
				VALID_ARCHS = i386;
			};
			name = Debug;
		};
		1DEB912008733D790010E9CD /* Release */ = {
			isa = XCBuildConfiguration;
			buildSettings = {
				ARCHS = "$(ARCHS_STANDARD_32_BIT)";
				GCC_C_LANGUAGE_STANDARD = "compiler-default";
				GCC_MODEL_TUNING = "";
				GCC_WARN_ABOUT_RETURN_TYPE = YES;
				GCC_WARN_UNUSED_VARIABLE = YES;
				HEADER_SEARCH_PATHS = (
					"\"$(SRCROOT)/../../../tango-dist-i386/tango/include\"",
					"\"$(SRCROOT)/../../../tango-dist-i386/omniorb/include\"",
					"\"/Applications/Developpement/National Instruments/LabVIEW 2009/cintools\"",
				);
				LIBRARY_SEARCH_PATHS = (
					"\"$(SRCROOT)/../../../tango-dist-i386/omniorb/lib\"",
					"\"$(SRCROOT)/../../../tango-dist-i386/tango/lib\"",
					"\"/Applications/Developpement/National Instruments/LabVIEW 2009/cintools/Mach-O\"",
				);
				MACH_O_TYPE = "";
				ONLY_ACTIVE_ARCH = YES;
				PREBINDING = NO;
				SDKROOT = macosx10.6;
				USER_HEADER_SEARCH_PATHS = "\"$(SRCROOT)/../src\" \"$(SRCROOT)/../../../tango-dist-i386/tango/include\" \"$(SRCROOT)/../../../tango-dist-i386/omniorb/include\" \"/Applications/Developpement/National Instruments/LabVIEW 2009/cintools\"";
				VALID_ARCHS = i386;
			};
			name = Release;
		};
/* End XCBuildConfiguration section */

/* Begin XCConfigurationList section */
		1DEB911A08733D790010E9CD /* Build configuration list for PBXNativeTarget "tango_binding" */ = {
			isa = XCConfigurationList;
			buildConfigurations = (
				1DEB911B08733D790010E9CD /* Debug */,
				1DEB911C08733D790010E9CD /* Release */,
			);
			defaultConfigurationIsVisible = 0;
			defaultConfigurationName = Release;
		};
		1DEB911E08733D790010E9CD /* Build configuration list for PBXProject "tango_binding" */ = {
			isa = XCConfigurationList;
			buildConfigurations = (
				1DEB911F08733D790010E9CD /* Debug */,
				1DEB912008733D790010E9CD /* Release */,
			);
			defaultConfigurationIsVisible = 0;
			defaultConfigurationName = Release;
		};
/* End XCConfigurationList section */
	};
	rootObject = 089C1669FE841209C02AAC07 /* Project object */;
}
