// !$*UTF8*$!
{
	archiveVersion = 1;
	classes = {
	};
	objectVersion = 44;
	objects = {

/* Begin PBXBuildFile section */
		37C890DA0F44120B00D7A53C /* XDK_Specific_Resources.r in Rez */ = {isa = PBXBuildFile; fileRef = 37C890D90F44120B00D7A53C /* XDK_Specific_Resources.r */; };
		37D31FD312EAE31600EB957B /* libtango.a in Frameworks */ = {isa = PBXBuildFile; fileRef = 37D31FD212EAE31600EB957B /* libtango.a */; };
		37D31FD512EAE32600EB957B /* liblog4tango.a in Frameworks */ = {isa = PBXBuildFile; fileRef = 37D31FD412EAE32600EB957B /* liblog4tango.a */; };
		37E5C1C50F43809D0001578A /* DataCodec.cpp in Sources */ = {isa = PBXBuildFile; fileRef = 37E5C1B90F43809D0001578A /* DataCodec.cpp */; };
		37E5C1C60F43809D0001578A /* DevRepository.cpp in Sources */ = {isa = PBXBuildFile; fileRef = 37E5C1BA0F43809D0001578A /* DevRepository.cpp */; };
		37E5C1C70F43809D0001578A /* MonitoredObject.cpp in Sources */ = {isa = PBXBuildFile; fileRef = 37E5C1BB0F43809D0001578A /* MonitoredObject.cpp */; };
		37E5C1C80F43809D0001578A /* MonitoredObjectManager.cpp in Sources */ = {isa = PBXBuildFile; fileRef = 37E5C1BC0F43809D0001578A /* MonitoredObjectManager.cpp */; };
		37E5C1C90F43809D0001578A /* TangoBinding.cpp in Sources */ = {isa = PBXBuildFile; fileRef = 37E5C1BD0F43809D0001578A /* TangoBinding.cpp */; };
		37E5C1CA0F43809D0001578A /* TangoClientXop.cpp in Sources */ = {isa = PBXBuildFile; fileRef = 37E5C1BE0F43809D0001578A /* TangoClientXop.cpp */; };
		37E5C1CB0F43809D0001578A /* XDK_Functions.cpp in Sources */ = {isa = PBXBuildFile; fileRef = 37E5C1BF0F43809D0001578A /* XDK_Functions.cpp */; };
		37E5C1CC0F43809D0001578A /* XDK_Main.cpp in Sources */ = {isa = PBXBuildFile; fileRef = 37E5C1C00F43809D0001578A /* XDK_Main.cpp */; };
		37E5C1CD0F43809D0001578A /* XDK_Mld.cpp in Sources */ = {isa = PBXBuildFile; fileRef = 37E5C1C10F43809D0001578A /* XDK_Mld.cpp */; };
		37E5C1CE0F43809D0001578A /* XDK_Utils.cpp in Sources */ = {isa = PBXBuildFile; fileRef = 37E5C1C20F43809D0001578A /* XDK_Utils.cpp */; };
		37E5C1CF0F43809D0001578A /* XDK_Utils_MacOS.cpp in Sources */ = {isa = PBXBuildFile; fileRef = 37E5C1C30F43809D0001578A /* XDK_Utils_MacOS.cpp */; };
		37E5C1D00F43809D0001578A /* XDK_Xop.cpp in Sources */ = {isa = PBXBuildFile; fileRef = 37E5C1C40F43809D0001578A /* XDK_Xop.cpp */; };
		37E5C1E90F4380DF0001578A /* DataCodec.h in Headers */ = {isa = PBXBuildFile; fileRef = 37E5C1D10F4380DF0001578A /* DataCodec.h */; };
		37E5C1EA0F4380DF0001578A /* DataCodec.i in Headers */ = {isa = PBXBuildFile; fileRef = 37E5C1D20F4380DF0001578A /* DataCodec.i */; };
		37E5C1EB0F4380DF0001578A /* DevRepository.h in Headers */ = {isa = PBXBuildFile; fileRef = 37E5C1D30F4380DF0001578A /* DevRepository.h */; };
		37E5C1EC0F4380DF0001578A /* DevRepository.i in Headers */ = {isa = PBXBuildFile; fileRef = 37E5C1D40F4380DF0001578A /* DevRepository.i */; };
		37E5C1ED0F4380DF0001578A /* MonitoredObject.h in Headers */ = {isa = PBXBuildFile; fileRef = 37E5C1D50F4380DF0001578A /* MonitoredObject.h */; };
		37E5C1EE0F4380DF0001578A /* MonitoredObject.i in Headers */ = {isa = PBXBuildFile; fileRef = 37E5C1D60F4380DF0001578A /* MonitoredObject.i */; };
		37E5C1EF0F4380DF0001578A /* MonitoredObjectManager.h in Headers */ = {isa = PBXBuildFile; fileRef = 37E5C1D70F4380DF0001578A /* MonitoredObjectManager.h */; };
		37E5C1F00F4380DF0001578A /* MonitoredObjectManager.i in Headers */ = {isa = PBXBuildFile; fileRef = 37E5C1D80F4380DF0001578A /* MonitoredObjectManager.i */; };
		37E5C1F20F4380DF0001578A /* TangoBinding.h in Headers */ = {isa = PBXBuildFile; fileRef = 37E5C1DA0F4380DF0001578A /* TangoBinding.h */; };
		37E5C1F30F4380DF0001578A /* TangoBinding.i in Headers */ = {isa = PBXBuildFile; fileRef = 37E5C1DB0F4380DF0001578A /* TangoBinding.i */; };
		37E5C1F40F4380DF0001578A /* TangoClientXop.h in Headers */ = {isa = PBXBuildFile; fileRef = 37E5C1DC0F4380DF0001578A /* TangoClientXop.h */; };
		37E5C1F50F4380DF0001578A /* XDK_Configuration.h in Headers */ = {isa = PBXBuildFile; fileRef = 37E5C1DD0F4380DF0001578A /* XDK_Configuration.h */; };
		37E5C1F60F4380DF0001578A /* XDK_Constants.h in Headers */ = {isa = PBXBuildFile; fileRef = 37E5C1DE0F4380DF0001578A /* XDK_Constants.h */; };
		37E5C1F70F4380DF0001578A /* XDK_Functions.h in Headers */ = {isa = PBXBuildFile; fileRef = 37E5C1DF0F4380DF0001578A /* XDK_Functions.h */; };
		37E5C1F80F4380DF0001578A /* XDK_Mld.h in Headers */ = {isa = PBXBuildFile; fileRef = 37E5C1E00F4380DF0001578A /* XDK_Mld.h */; };
		37E5C1F90F4380DF0001578A /* XDK_Mld.i in Headers */ = {isa = PBXBuildFile; fileRef = 37E5C1E10F4380DF0001578A /* XDK_Mld.i */; };
		37E5C1FA0F4380DF0001578A /* XDK_Operations.cpp in Sources */ = {isa = PBXBuildFile; fileRef = 37E5C1E20F4380DF0001578A /* XDK_Operations.cpp */; };
		37E5C1FB0F4380DF0001578A /* XDK_Operations.h in Headers */ = {isa = PBXBuildFile; fileRef = 37E5C1E30F4380DF0001578A /* XDK_Operations.h */; };
		37E5C1FC0F4380DF0001578A /* XDK_ResourceDefs.h in Headers */ = {isa = PBXBuildFile; fileRef = 37E5C1E40F4380DF0001578A /* XDK_ResourceDefs.h */; };
		37E5C1FD0F4380DF0001578A /* XDK_StandardHeaders.h in Headers */ = {isa = PBXBuildFile; fileRef = 37E5C1E50F4380DF0001578A /* XDK_StandardHeaders.h */; };
		37E5C1FE0F4380DF0001578A /* XDK_Utils.h in Headers */ = {isa = PBXBuildFile; fileRef = 37E5C1E60F4380DF0001578A /* XDK_Utils.h */; };
		37E5C1FF0F4380DF0001578A /* XDK_Utils.i in Headers */ = {isa = PBXBuildFile; fileRef = 37E5C1E70F4380DF0001578A /* XDK_Utils.i */; };
		37E5C2000F4380DF0001578A /* XDK_Xop.h in Headers */ = {isa = PBXBuildFile; fileRef = 37E5C1E80F4380DF0001578A /* XDK_Xop.h */; };
		37F3534011ECD5E4009278C6 /* libstdc++.dylib in Frameworks */ = {isa = PBXBuildFile; fileRef = 37F3533F11ECD5E4009278C6 /* libstdc++.dylib */; };
		3BCBE45811EA3BAC003D05F0 /* libyat.a in Frameworks */ = {isa = PBXBuildFile; fileRef = 3BCBE45711EA3BAC003D05F0 /* libyat.a */; };
		3BCBE45A11EA3BB5003D05F0 /* libYAT4Tango.a in Frameworks */ = {isa = PBXBuildFile; fileRef = 3BCBE45911EA3BB5003D05F0 /* libYAT4Tango.a */; };
		3BCBE45F11EA3BCF003D05F0 /* libCOS4.a in Frameworks */ = {isa = PBXBuildFile; fileRef = 3BCBE45B11EA3BCF003D05F0 /* libCOS4.a */; };
		3BCBE46011EA3BCF003D05F0 /* libomniDynamic4.a in Frameworks */ = {isa = PBXBuildFile; fileRef = 3BCBE45C11EA3BCF003D05F0 /* libomniDynamic4.a */; };
		3BCBE46111EA3BCF003D05F0 /* libomniORB4.a in Frameworks */ = {isa = PBXBuildFile; fileRef = 3BCBE45D11EA3BCF003D05F0 /* libomniORB4.a */; };
		3BCBE46211EA3BCF003D05F0 /* libomnithread.a in Frameworks */ = {isa = PBXBuildFile; fileRef = 3BCBE45E11EA3BCF003D05F0 /* libomnithread.a */; };
		6187FD52112C9FF70085969F /* Carbon.framework in Frameworks */ = {isa = PBXBuildFile; fileRef = 08EA7FFBFE8413EDC02AAC07 /* Carbon.framework */; };
		6187FD8C112CA4A80085969F /* libXOPSupport.a in Frameworks */ = {isa = PBXBuildFile; fileRef = 6187FD1A112C9A5B0085969F /* libXOPSupport.a */; };
		8D01CCCA0486CAD60068D4B7 /* InfoPlist.strings in Resources */ = {isa = PBXBuildFile; fileRef = 089C167DFE841241C02AAC07 /* InfoPlist.strings */; };
/* End PBXBuildFile section */

/* Begin PBXFileReference section */
		089C167EFE841241C02AAC07 /* English */ = {isa = PBXFileReference; fileEncoding = 10; lastKnownFileType = text.plist.strings; name = English; path = English.lproj/InfoPlist.strings; sourceTree = "<group>"; };
		08EA7FFBFE8413EDC02AAC07 /* Carbon.framework */ = {isa = PBXFileReference; lastKnownFileType = wrapper.framework; name = Carbon.framework; path = /System/Library/Frameworks/Carbon.framework; sourceTree = "<absolute>"; };
		37C890D90F44120B00D7A53C /* XDK_Specific_Resources.r */ = {isa = PBXFileReference; fileEncoding = 4; lastKnownFileType = sourcecode.rez; name = XDK_Specific_Resources.r; path = ../src/XDK_Specific_Resources.r; sourceTree = SOURCE_ROOT; };
		37C890DB0F44123600D7A53C /* XDK_XOPI_1100_MacOS.r */ = {isa = PBXFileReference; fileEncoding = 4; lastKnownFileType = sourcecode.rez; name = XDK_XOPI_1100_MacOS.r; path = ../src/XDK_XOPI_1100_MacOS.r; sourceTree = SOURCE_ROOT; };
		37C890DC0F44123600D7A53C /* XDK_XOPF_1100_MacOS.r */ = {isa = PBXFileReference; fileEncoding = 4; lastKnownFileType = sourcecode.rez; name = XDK_XOPF_1100_MacOS.r; path = ../src/XDK_XOPF_1100_MacOS.r; sourceTree = SOURCE_ROOT; };
		37C890DD0F44123600D7A53C /* XDK_XOPC_1100_MacOS.r */ = {isa = PBXFileReference; fileEncoding = 4; lastKnownFileType = sourcecode.rez; name = XDK_XOPC_1100_MacOS.r; path = ../src/XDK_XOPC_1100_MacOS.r; sourceTree = SOURCE_ROOT; };
		37C890DE0F44123600D7A53C /* XDK_STR#_1100_MacOS.r */ = {isa = PBXFileReference; fileEncoding = 4; lastKnownFileType = sourcecode.rez; name = "XDK_STR#_1100_MacOS.r"; path = "../src/XDK_STR#_1100_MacOS.r"; sourceTree = SOURCE_ROOT; };
		37D31FD212EAE31600EB957B /* libtango.a */ = {isa = PBXFileReference; lastKnownFileType = archive.ar; name = libtango.a; path = "../../../tango-dist-i386/tango-7.2.1/lib-static/libtango.a"; sourceTree = SOURCE_ROOT; };
		37D31FD412EAE32600EB957B /* liblog4tango.a */ = {isa = PBXFileReference; lastKnownFileType = archive.ar; name = liblog4tango.a; path = "../../../tango-dist-i386/tango-7.2.1/lib-static/liblog4tango.a"; sourceTree = SOURCE_ROOT; };
		37E5C1B90F43809D0001578A /* DataCodec.cpp */ = {isa = PBXFileReference; fileEncoding = 4; lastKnownFileType = sourcecode.cpp.cpp; name = DataCodec.cpp; path = ../src/DataCodec.cpp; sourceTree = SOURCE_ROOT; };
		37E5C1BA0F43809D0001578A /* DevRepository.cpp */ = {isa = PBXFileReference; fileEncoding = 4; lastKnownFileType = sourcecode.cpp.cpp; name = DevRepository.cpp; path = ../src/DevRepository.cpp; sourceTree = SOURCE_ROOT; };
		37E5C1BB0F43809D0001578A /* MonitoredObject.cpp */ = {isa = PBXFileReference; fileEncoding = 4; lastKnownFileType = sourcecode.cpp.cpp; name = MonitoredObject.cpp; path = ../src/MonitoredObject.cpp; sourceTree = SOURCE_ROOT; };
		37E5C1BC0F43809D0001578A /* MonitoredObjectManager.cpp */ = {isa = PBXFileReference; fileEncoding = 4; lastKnownFileType = sourcecode.cpp.cpp; name = MonitoredObjectManager.cpp; path = ../src/MonitoredObjectManager.cpp; sourceTree = SOURCE_ROOT; };
		37E5C1BD0F43809D0001578A /* TangoBinding.cpp */ = {isa = PBXFileReference; fileEncoding = 4; lastKnownFileType = sourcecode.cpp.cpp; name = TangoBinding.cpp; path = ../src/TangoBinding.cpp; sourceTree = SOURCE_ROOT; };
		37E5C1BE0F43809D0001578A /* TangoClientXop.cpp */ = {isa = PBXFileReference; fileEncoding = 4; lastKnownFileType = sourcecode.cpp.cpp; name = TangoClientXop.cpp; path = ../src/TangoClientXop.cpp; sourceTree = SOURCE_ROOT; };
		37E5C1BF0F43809D0001578A /* XDK_Functions.cpp */ = {isa = PBXFileReference; fileEncoding = 4; lastKnownFileType = sourcecode.cpp.cpp; name = XDK_Functions.cpp; path = ../src/XDK_Functions.cpp; sourceTree = SOURCE_ROOT; };
		37E5C1C00F43809D0001578A /* XDK_Main.cpp */ = {isa = PBXFileReference; fileEncoding = 4; lastKnownFileType = sourcecode.cpp.cpp; name = XDK_Main.cpp; path = ../src/XDK_Main.cpp; sourceTree = SOURCE_ROOT; };
		37E5C1C10F43809D0001578A /* XDK_Mld.cpp */ = {isa = PBXFileReference; fileEncoding = 4; lastKnownFileType = sourcecode.cpp.cpp; name = XDK_Mld.cpp; path = ../src/XDK_Mld.cpp; sourceTree = SOURCE_ROOT; };
		37E5C1C20F43809D0001578A /* XDK_Utils.cpp */ = {isa = PBXFileReference; fileEncoding = 4; lastKnownFileType = sourcecode.cpp.cpp; name = XDK_Utils.cpp; path = ../src/XDK_Utils.cpp; sourceTree = SOURCE_ROOT; };
		37E5C1C30F43809D0001578A /* XDK_Utils_MacOS.cpp */ = {isa = PBXFileReference; fileEncoding = 4; lastKnownFileType = sourcecode.cpp.cpp; name = XDK_Utils_MacOS.cpp; path = ../src/XDK_Utils_MacOS.cpp; sourceTree = SOURCE_ROOT; };
		37E5C1C40F43809D0001578A /* XDK_Xop.cpp */ = {isa = PBXFileReference; fileEncoding = 4; lastKnownFileType = sourcecode.cpp.cpp; name = XDK_Xop.cpp; path = ../src/XDK_Xop.cpp; sourceTree = SOURCE_ROOT; };
		37E5C1D10F4380DF0001578A /* DataCodec.h */ = {isa = PBXFileReference; fileEncoding = 4; lastKnownFileType = sourcecode.c.h; name = DataCodec.h; path = ../src/DataCodec.h; sourceTree = SOURCE_ROOT; };
		37E5C1D20F4380DF0001578A /* DataCodec.i */ = {isa = PBXFileReference; fileEncoding = 4; lastKnownFileType = sourcecode.c.c.preprocessed; name = DataCodec.i; path = ../src/DataCodec.i; sourceTree = SOURCE_ROOT; };
		37E5C1D30F4380DF0001578A /* DevRepository.h */ = {isa = PBXFileReference; fileEncoding = 4; lastKnownFileType = sourcecode.c.h; name = DevRepository.h; path = ../src/DevRepository.h; sourceTree = SOURCE_ROOT; };
		37E5C1D40F4380DF0001578A /* DevRepository.i */ = {isa = PBXFileReference; fileEncoding = 4; lastKnownFileType = sourcecode.c.c.preprocessed; name = DevRepository.i; path = ../src/DevRepository.i; sourceTree = SOURCE_ROOT; };
		37E5C1D50F4380DF0001578A /* MonitoredObject.h */ = {isa = PBXFileReference; fileEncoding = 4; lastKnownFileType = sourcecode.c.h; name = MonitoredObject.h; path = ../src/MonitoredObject.h; sourceTree = SOURCE_ROOT; };
		37E5C1D60F4380DF0001578A /* MonitoredObject.i */ = {isa = PBXFileReference; fileEncoding = 4; lastKnownFileType = sourcecode.c.c.preprocessed; name = MonitoredObject.i; path = ../src/MonitoredObject.i; sourceTree = SOURCE_ROOT; };
		37E5C1D70F4380DF0001578A /* MonitoredObjectManager.h */ = {isa = PBXFileReference; fileEncoding = 4; lastKnownFileType = sourcecode.c.h; name = MonitoredObjectManager.h; path = ../src/MonitoredObjectManager.h; sourceTree = SOURCE_ROOT; };
		37E5C1D80F4380DF0001578A /* MonitoredObjectManager.i */ = {isa = PBXFileReference; fileEncoding = 4; lastKnownFileType = sourcecode.c.c.preprocessed; name = MonitoredObjectManager.i; path = ../src/MonitoredObjectManager.i; sourceTree = SOURCE_ROOT; };
		37E5C1DA0F4380DF0001578A /* TangoBinding.h */ = {isa = PBXFileReference; fileEncoding = 4; lastKnownFileType = sourcecode.c.h; name = TangoBinding.h; path = ../src/TangoBinding.h; sourceTree = SOURCE_ROOT; };
		37E5C1DB0F4380DF0001578A /* TangoBinding.i */ = {isa = PBXFileReference; fileEncoding = 4; lastKnownFileType = sourcecode.c.c.preprocessed; name = TangoBinding.i; path = ../src/TangoBinding.i; sourceTree = SOURCE_ROOT; };
		37E5C1DC0F4380DF0001578A /* TangoClientXop.h */ = {isa = PBXFileReference; fileEncoding = 4; lastKnownFileType = sourcecode.c.h; name = TangoClientXop.h; path = ../src/TangoClientXop.h; sourceTree = SOURCE_ROOT; };
		37E5C1DD0F4380DF0001578A /* XDK_Configuration.h */ = {isa = PBXFileReference; fileEncoding = 4; lastKnownFileType = sourcecode.c.h; name = XDK_Configuration.h; path = ../src/XDK_Configuration.h; sourceTree = SOURCE_ROOT; };
		37E5C1DE0F4380DF0001578A /* XDK_Constants.h */ = {isa = PBXFileReference; fileEncoding = 4; lastKnownFileType = sourcecode.c.h; name = XDK_Constants.h; path = ../src/XDK_Constants.h; sourceTree = SOURCE_ROOT; };
		37E5C1DF0F4380DF0001578A /* XDK_Functions.h */ = {isa = PBXFileReference; fileEncoding = 4; lastKnownFileType = sourcecode.c.h; name = XDK_Functions.h; path = ../src/XDK_Functions.h; sourceTree = SOURCE_ROOT; };
		37E5C1E00F4380DF0001578A /* XDK_Mld.h */ = {isa = PBXFileReference; fileEncoding = 4; lastKnownFileType = sourcecode.c.h; name = XDK_Mld.h; path = ../src/XDK_Mld.h; sourceTree = SOURCE_ROOT; };
		37E5C1E10F4380DF0001578A /* XDK_Mld.i */ = {isa = PBXFileReference; fileEncoding = 4; lastKnownFileType = sourcecode.c.c.preprocessed; name = XDK_Mld.i; path = ../src/XDK_Mld.i; sourceTree = SOURCE_ROOT; };
		37E5C1E20F4380DF0001578A /* XDK_Operations.cpp */ = {isa = PBXFileReference; fileEncoding = 4; lastKnownFileType = sourcecode.cpp.cpp; name = XDK_Operations.cpp; path = ../src/XDK_Operations.cpp; sourceTree = SOURCE_ROOT; };
		37E5C1E30F4380DF0001578A /* XDK_Operations.h */ = {isa = PBXFileReference; fileEncoding = 4; lastKnownFileType = sourcecode.c.h; name = XDK_Operations.h; path = ../src/XDK_Operations.h; sourceTree = SOURCE_ROOT; };
		37E5C1E40F4380DF0001578A /* XDK_ResourceDefs.h */ = {isa = PBXFileReference; fileEncoding = 4; lastKnownFileType = sourcecode.c.h; name = XDK_ResourceDefs.h; path = ../src/XDK_ResourceDefs.h; sourceTree = SOURCE_ROOT; };
		37E5C1E50F4380DF0001578A /* XDK_StandardHeaders.h */ = {isa = PBXFileReference; fileEncoding = 4; lastKnownFileType = sourcecode.c.h; name = XDK_StandardHeaders.h; path = ../src/XDK_StandardHeaders.h; sourceTree = SOURCE_ROOT; };
		37E5C1E60F4380DF0001578A /* XDK_Utils.h */ = {isa = PBXFileReference; fileEncoding = 4; lastKnownFileType = sourcecode.c.h; name = XDK_Utils.h; path = ../src/XDK_Utils.h; sourceTree = SOURCE_ROOT; };
		37E5C1E70F4380DF0001578A /* XDK_Utils.i */ = {isa = PBXFileReference; fileEncoding = 4; lastKnownFileType = sourcecode.c.c.preprocessed; name = XDK_Utils.i; path = ../src/XDK_Utils.i; sourceTree = SOURCE_ROOT; };
		37E5C1E80F4380DF0001578A /* XDK_Xop.h */ = {isa = PBXFileReference; fileEncoding = 4; lastKnownFileType = sourcecode.c.h; name = XDK_Xop.h; path = ../src/XDK_Xop.h; sourceTree = SOURCE_ROOT; };
		37F3533F11ECD5E4009278C6 /* libstdc++.dylib */ = {isa = PBXFileReference; lastKnownFileType = "compiled.mach-o.dylib"; name = "libstdc++.dylib"; path = "usr/lib/gcc/i686-apple-darwin10/4.2.1/libstdc++.dylib"; sourceTree = DEVELOPER_DIR; };
		3BCBE45711EA3BAC003D05F0 /* libyat.a */ = {isa = PBXFileReference; lastKnownFileType = archive.ar; name = libyat.a; path = "../../../tango-dist-i386/yat/lib-static/libyat.a"; sourceTree = SOURCE_ROOT; };
		3BCBE45911EA3BB5003D05F0 /* libYAT4Tango.a */ = {isa = PBXFileReference; lastKnownFileType = archive.ar; name = libYAT4Tango.a; path = "../../../tango-dist-i386/yat4tango/lib-static/libYAT4Tango.a"; sourceTree = SOURCE_ROOT; };
		3BCBE45B11EA3BCF003D05F0 /* libCOS4.a */ = {isa = PBXFileReference; lastKnownFileType = archive.ar; name = libCOS4.a; path = "../../../tango-dist-i386/omniorb/lib-static/libCOS4.a"; sourceTree = SOURCE_ROOT; };
		3BCBE45C11EA3BCF003D05F0 /* libomniDynamic4.a */ = {isa = PBXFileReference; lastKnownFileType = archive.ar; name = libomniDynamic4.a; path = "../../../tango-dist-i386/omniorb/lib-static/libomniDynamic4.a"; sourceTree = SOURCE_ROOT; };
		3BCBE45D11EA3BCF003D05F0 /* libomniORB4.a */ = {isa = PBXFileReference; lastKnownFileType = archive.ar; name = libomniORB4.a; path = "../../../tango-dist-i386/omniorb/lib-static/libomniORB4.a"; sourceTree = SOURCE_ROOT; };
		3BCBE45E11EA3BCF003D05F0 /* libomnithread.a */ = {isa = PBXFileReference; lastKnownFileType = archive.ar; name = libomnithread.a; path = "../../../tango-dist-i386/omniorb/lib-static/libomnithread.a"; sourceTree = SOURCE_ROOT; };
		6187FD1A112C9A5B0085969F /* libXOPSupport.a */ = {isa = PBXFileReference; lastKnownFileType = archive.ar; name = libXOPSupport.a; path = ../xopsupport/Xcode/libXOPSupport.a; sourceTree = SOURCE_ROOT; };
		6187FE70112CA6580085969F /* TangoClient.xop */ = {isa = PBXFileReference; explicitFileType = wrapper.cfbundle; includeInIndex = 0; path = TangoClient.xop; sourceTree = BUILT_PRODUCTS_DIR; };
		8D01CCD10486CAD60068D4B7 /* Info.plist */ = {isa = PBXFileReference; fileEncoding = 4; lastKnownFileType = text.plist; path = Info.plist; sourceTree = "<group>"; };
/* End PBXFileReference section */

/* Begin PBXFrameworksBuildPhase section */
		8D01CCCD0486CAD60068D4B7 /* Frameworks */ = {
			isa = PBXFrameworksBuildPhase;
			buildActionMask = 2147483647;
			files = (
				6187FD52112C9FF70085969F /* Carbon.framework in Frameworks */,
				6187FD8C112CA4A80085969F /* libXOPSupport.a in Frameworks */,
				3BCBE45811EA3BAC003D05F0 /* libyat.a in Frameworks */,
				3BCBE45A11EA3BB5003D05F0 /* libYAT4Tango.a in Frameworks */,
				3BCBE45F11EA3BCF003D05F0 /* libCOS4.a in Frameworks */,
				3BCBE46011EA3BCF003D05F0 /* libomniDynamic4.a in Frameworks */,
				3BCBE46111EA3BCF003D05F0 /* libomniORB4.a in Frameworks */,
				3BCBE46211EA3BCF003D05F0 /* libomnithread.a in Frameworks */,
				37F3534011ECD5E4009278C6 /* libstdc++.dylib in Frameworks */,
				37D31FD312EAE31600EB957B /* libtango.a in Frameworks */,
				37D31FD512EAE32600EB957B /* liblog4tango.a in Frameworks */,
			);
			runOnlyForDeploymentPostprocessing = 0;
		};
/* End PBXFrameworksBuildPhase section */

/* Begin PBXGroup section */
		089C166AFE841209C02AAC07 /* IgorProBinding */ = {
			isa = PBXGroup;
			children = (
				6187FCCF112C96260085969F /* Include */,
				08FB77ADFE841716C02AAC07 /* Source */,
				089C167CFE841241C02AAC07 /* Resources */,
				089C1671FE841209C02AAC07 /* External Frameworks and Libraries */,
				19C28FB4FE9D528D11CA2CBB /* Products */,
			);
			name = IgorProBinding;
			sourceTree = "<group>";
		};
		089C1671FE841209C02AAC07 /* External Frameworks and Libraries */ = {
			isa = PBXGroup;
			children = (
				37F3533F11ECD5E4009278C6 /* libstdc++.dylib */,
				3BCBE45711EA3BAC003D05F0 /* libyat.a */,
				3BCBE45911EA3BB5003D05F0 /* libYAT4Tango.a */,
				3BCBE45B11EA3BCF003D05F0 /* libCOS4.a */,
				3BCBE45C11EA3BCF003D05F0 /* libomniDynamic4.a */,
				3BCBE45D11EA3BCF003D05F0 /* libomniORB4.a */,
				3BCBE45E11EA3BCF003D05F0 /* libomnithread.a */,
				37D31FD212EAE31600EB957B /* libtango.a */,
				37D31FD412EAE32600EB957B /* liblog4tango.a */,
				6187FD1A112C9A5B0085969F /* libXOPSupport.a */,
				08EA7FFBFE8413EDC02AAC07 /* Carbon.framework */,
			);
			name = "External Frameworks and Libraries";
			sourceTree = "<group>";
		};
		089C167CFE841241C02AAC07 /* Resources */ = {
			isa = PBXGroup;
			children = (
				37C890D90F44120B00D7A53C /* XDK_Specific_Resources.r */,
				37C890DB0F44123600D7A53C /* XDK_XOPI_1100_MacOS.r */,
				37C890DC0F44123600D7A53C /* XDK_XOPF_1100_MacOS.r */,
				37C890DD0F44123600D7A53C /* XDK_XOPC_1100_MacOS.r */,
				37C890DE0F44123600D7A53C /* XDK_STR#_1100_MacOS.r */,
				8D01CCD10486CAD60068D4B7 /* Info.plist */,
				089C167DFE841241C02AAC07 /* InfoPlist.strings */,
			);
			name = Resources;
			sourceTree = "<group>";
		};
		08FB77ADFE841716C02AAC07 /* Source */ = {
			isa = PBXGroup;
			children = (
				37E5C1B90F43809D0001578A /* DataCodec.cpp */,
				37E5C1BA0F43809D0001578A /* DevRepository.cpp */,
				37E5C1BB0F43809D0001578A /* MonitoredObject.cpp */,
				37E5C1BC0F43809D0001578A /* MonitoredObjectManager.cpp */,
				37E5C1BD0F43809D0001578A /* TangoBinding.cpp */,
				37E5C1BE0F43809D0001578A /* TangoClientXop.cpp */,
				37E5C1C00F43809D0001578A /* XDK_Main.cpp */,
				37E5C1C40F43809D0001578A /* XDK_Xop.cpp */,
				37E5C1BF0F43809D0001578A /* XDK_Functions.cpp */,
				37E5C1E20F4380DF0001578A /* XDK_Operations.cpp */,
				37E5C1C10F43809D0001578A /* XDK_Mld.cpp */,
				37E5C1C20F43809D0001578A /* XDK_Utils.cpp */,
				37E5C1C30F43809D0001578A /* XDK_Utils_MacOS.cpp */,
			);
			name = Source;
			sourceTree = "<group>";
		};
		19C28FB4FE9D528D11CA2CBB /* Products */ = {
			isa = PBXGroup;
			children = (
				6187FE70112CA6580085969F /* TangoClient.xop */,
			);
			name = Products;
			sourceTree = "<group>";
		};
		6187FCCF112C96260085969F /* Include */ = {
			isa = PBXGroup;
			children = (
				37E5C1E60F4380DF0001578A /* XDK_Utils.h */,
				37E5C1E70F4380DF0001578A /* XDK_Utils.i */,
				37E5C1E80F4380DF0001578A /* XDK_Xop.h */,
				37E5C1E30F4380DF0001578A /* XDK_Operations.h */,
				37E5C1E40F4380DF0001578A /* XDK_ResourceDefs.h */,
				37E5C1E50F4380DF0001578A /* XDK_StandardHeaders.h */,
				37E5C1D10F4380DF0001578A /* DataCodec.h */,
				37E5C1D20F4380DF0001578A /* DataCodec.i */,
				37E5C1D30F4380DF0001578A /* DevRepository.h */,
				37E5C1D40F4380DF0001578A /* DevRepository.i */,
				37E5C1D50F4380DF0001578A /* MonitoredObject.h */,
				37E5C1D60F4380DF0001578A /* MonitoredObject.i */,
				37E5C1D70F4380DF0001578A /* MonitoredObjectManager.h */,
				37E5C1D80F4380DF0001578A /* MonitoredObjectManager.i */,
				37E5C1DA0F4380DF0001578A /* TangoBinding.h */,
				37E5C1DB0F4380DF0001578A /* TangoBinding.i */,
				37E5C1DC0F4380DF0001578A /* TangoClientXop.h */,
				37E5C1DD0F4380DF0001578A /* XDK_Configuration.h */,
				37E5C1DE0F4380DF0001578A /* XDK_Constants.h */,
				37E5C1DF0F4380DF0001578A /* XDK_Functions.h */,
				37E5C1E00F4380DF0001578A /* XDK_Mld.h */,
				37E5C1E10F4380DF0001578A /* XDK_Mld.i */,
			);
			name = Include;
			sourceTree = "<group>";
		};
/* End PBXGroup section */

/* Begin PBXHeadersBuildPhase section */
		8D01CCC70486CAD60068D4B7 /* Headers */ = {
			isa = PBXHeadersBuildPhase;
			buildActionMask = 2147483647;
			files = (
				37E5C1E90F4380DF0001578A /* DataCodec.h in Headers */,
				37E5C1EA0F4380DF0001578A /* DataCodec.i in Headers */,
				37E5C1EB0F4380DF0001578A /* DevRepository.h in Headers */,
				37E5C1EC0F4380DF0001578A /* DevRepository.i in Headers */,
				37E5C1ED0F4380DF0001578A /* MonitoredObject.h in Headers */,
				37E5C1EE0F4380DF0001578A /* MonitoredObject.i in Headers */,
				37E5C1EF0F4380DF0001578A /* MonitoredObjectManager.h in Headers */,
				37E5C1F00F4380DF0001578A /* MonitoredObjectManager.i in Headers */,
				37E5C1F20F4380DF0001578A /* TangoBinding.h in Headers */,
				37E5C1F30F4380DF0001578A /* TangoBinding.i in Headers */,
				37E5C1F40F4380DF0001578A /* TangoClientXop.h in Headers */,
				37E5C1F50F4380DF0001578A /* XDK_Configuration.h in Headers */,
				37E5C1F60F4380DF0001578A /* XDK_Constants.h in Headers */,
				37E5C1F70F4380DF0001578A /* XDK_Functions.h in Headers */,
				37E5C1F80F4380DF0001578A /* XDK_Mld.h in Headers */,
				37E5C1F90F4380DF0001578A /* XDK_Mld.i in Headers */,
				37E5C1FB0F4380DF0001578A /* XDK_Operations.h in Headers */,
				37E5C1FC0F4380DF0001578A /* XDK_ResourceDefs.h in Headers */,
				37E5C1FD0F4380DF0001578A /* XDK_StandardHeaders.h in Headers */,
				37E5C1FE0F4380DF0001578A /* XDK_Utils.h in Headers */,
				37E5C1FF0F4380DF0001578A /* XDK_Utils.i in Headers */,
				37E5C2000F4380DF0001578A /* XDK_Xop.h in Headers */,
			);
			runOnlyForDeploymentPostprocessing = 0;
		};
/* End PBXHeadersBuildPhase section */

/* Begin PBXNativeTarget section */
		8D01CCC60486CAD60068D4B7 /* TangoClient */ = {
			isa = PBXNativeTarget;
			buildConfigurationList = 89155206093FB12E0062870E /* Build configuration list for PBXNativeTarget "TangoClient" */;
			buildPhases = (
				8D01CCC70486CAD60068D4B7 /* Headers */,
				8D01CCC90486CAD60068D4B7 /* Resources */,
				8D01CCCB0486CAD60068D4B7 /* Sources */,
				8D01CCCD0486CAD60068D4B7 /* Frameworks */,
				8D01CCCF0486CAD60068D4B7 /* Rez */,
			);
			buildRules = (
			);
			dependencies = (
			);
			name = TangoClient;
			productInstallPath = "$(HOME)/Library/Bundles";
			productName = IgorProBinding;
			productReference = 6187FE70112CA6580085969F /* TangoClient.xop */;
			productType = "com.apple.product-type.bundle";
		};
/* End PBXNativeTarget section */

/* Begin PBXProject section */
		089C1669FE841209C02AAC07 /* Project object */ = {
			isa = PBXProject;
			buildConfigurationList = 8915520A093FB12E0062870E /* Build configuration list for PBXProject "IgorProBinding" */;
			compatibilityVersion = "Xcode 3.0";
			hasScannedForEncodings = 1;
			mainGroup = 089C166AFE841209C02AAC07 /* IgorProBinding */;
			projectDirPath = "";
			projectRoot = "";
			targets = (
				8D01CCC60486CAD60068D4B7 /* TangoClient */,
			);
		};
/* End PBXProject section */

/* Begin PBXResourcesBuildPhase section */
		8D01CCC90486CAD60068D4B7 /* Resources */ = {
			isa = PBXResourcesBuildPhase;
			buildActionMask = 2147483647;
			files = (
				8D01CCCA0486CAD60068D4B7 /* InfoPlist.strings in Resources */,
			);
			runOnlyForDeploymentPostprocessing = 0;
		};
/* End PBXResourcesBuildPhase section */

/* Begin PBXRezBuildPhase section */
		8D01CCCF0486CAD60068D4B7 /* Rez */ = {
			isa = PBXRezBuildPhase;
			buildActionMask = 2147483647;
			files = (
				37C890DA0F44120B00D7A53C /* XDK_Specific_Resources.r in Rez */,
			);
			runOnlyForDeploymentPostprocessing = 0;
		};
/* End PBXRezBuildPhase section */

/* Begin PBXSourcesBuildPhase section */
		8D01CCCB0486CAD60068D4B7 /* Sources */ = {
			isa = PBXSourcesBuildPhase;
			buildActionMask = 2147483647;
			files = (
				37E5C1C50F43809D0001578A /* DataCodec.cpp in Sources */,
				37E5C1C60F43809D0001578A /* DevRepository.cpp in Sources */,
				37E5C1C70F43809D0001578A /* MonitoredObject.cpp in Sources */,
				37E5C1C80F43809D0001578A /* MonitoredObjectManager.cpp in Sources */,
				37E5C1C90F43809D0001578A /* TangoBinding.cpp in Sources */,
				37E5C1CA0F43809D0001578A /* TangoClientXop.cpp in Sources */,
				37E5C1CB0F43809D0001578A /* XDK_Functions.cpp in Sources */,
				37E5C1CC0F43809D0001578A /* XDK_Main.cpp in Sources */,
				37E5C1CD0F43809D0001578A /* XDK_Mld.cpp in Sources */,
				37E5C1CE0F43809D0001578A /* XDK_Utils.cpp in Sources */,
				37E5C1CF0F43809D0001578A /* XDK_Utils_MacOS.cpp in Sources */,
				37E5C1D00F43809D0001578A /* XDK_Xop.cpp in Sources */,
				37E5C1FA0F4380DF0001578A /* XDK_Operations.cpp in Sources */,
			);
			runOnlyForDeploymentPostprocessing = 0;
		};
/* End PBXSourcesBuildPhase section */

/* Begin PBXVariantGroup section */
		089C167DFE841241C02AAC07 /* InfoPlist.strings */ = {
			isa = PBXVariantGroup;
			children = (
				089C167EFE841241C02AAC07 /* English */,
			);
			name = InfoPlist.strings;
			sourceTree = "<group>";
		};
/* End PBXVariantGroup section */

/* Begin XCBuildConfiguration section */
		89155207093FB12E0062870E /* Debug */ = {
			isa = XCBuildConfiguration;
			buildSettings = {
				ALWAYS_SEARCH_USER_PATHS = NO;
				ARCHS = (
					i386,
					X86_64,
				);
				COPY_PHASE_STRIP = NO;
				CURRENT_PROJECT_VERSION = "";
				DEBUGGING_SYMBOLS = YES;
				DSTROOT = /tmp/TangoClient.dst;
				EXPORTED_SYMBOLS_FILE = ./Exports.exp;
				FRAMEWORK_SEARCH_PATHS = "";
				GCC_DYNAMIC_NO_PIC = NO;
				GCC_ENABLE_FIX_AND_CONTINUE = YES;
				GCC_ENABLE_TRIGRAPHS = NO;
				GCC_GENERATE_DEBUGGING_SYMBOLS = YES;
				GCC_MODEL_TUNING = "";
				GCC_OPTIMIZATION_LEVEL = 0;
				GCC_PRECOMPILE_PREFIX_HEADER = YES;
				GCC_PREFIX_HEADER = TangoClient_Prefix.pch;
				GCC_WARN_ABOUT_DEPRECATED_FUNCTIONS = NO;
				GCC_WARN_ABOUT_MISSING_PROTOTYPES = NO;
				GCC_WARN_FOUR_CHARACTER_CONSTANTS = NO;
				GCC_WARN_UNKNOWN_PRAGMAS = NO;
				GENERATE_PKGINFO = YES;
				HEADER_SEARCH_PATHS = (
					"\"$(SRCROOT)/../../../tango-dist-i386/tango/include\"",
					"\"$(SRCROOT)/../../../tango-dist-i386/omniorb/include\"",
					"\"$(SRCROOT)/../../../tango-dist-i386/yat/include\"",
					"\"$(SRCROOT)/../../../tango-dist-i386/yat4tango/include\"",
					"\"$(SRCROOT)/../xopsupport\"",
				);
				INFOPLIST_FILE = Info.plist;
				INSTALL_PATH = "$(HOME)/Library/Bundles";
				LIBRARY_SEARCH_PATHS = (
					"\"$(SRCROOT)/../xopsupport/Xcode\"",
					"\"$(SRCROOT)/../../../tango-dist-i386/yat/lib-static\"",
					"\"$(SRCROOT)/../../../tango-dist-i386/yat4tango/lib-static\"",
					"\"$(SRCROOT)/../../../tango-dist-i386/omniorb/lib-static\"",
					"\"$(SRCROOT)/../../../tango-dist-i386/tango/lib-static\"",
					"\"$(DEVELOPER_DIR)/usr/lib/gcc/i686-apple-darwin10/4.2.1\"",
				);
				LIBRARY_STYLE = Bundle;
				OTHER_CFLAGS = "";
				OTHER_LDFLAGS = "";
				OTHER_REZFLAGS = "-i \"$(SRCROOT)/../xopsupport\" -d TARGET_RT_MAC_MACHO";
				PREBINDING = YES;
				PRODUCT_NAME = TangoClient;
				REZ_SEARCH_PATHS = "\"$(SRCROOT)/../xopsupport\"/**";
				SDKROOT = "$(DEVELOPER_SDK_DIR)/MacOSX10.5.sdk";
				SECTORDER_FLAGS = "";
				USER_HEADER_SEARCH_PATHS = "";
				VALID_ARCHS = "i386 x86_64";
				WARNING_CFLAGS = (
					"-Wmost",
					"-Wno-four-char-constants",
					"-Wno-unknown-pragmas",
				);
				WRAPPER_EXTENSION = xop;
				ZERO_LINK = NO;
			};
			name = Debug;
		};
		89155208093FB12E0062870E /* Release */ = {
			isa = XCBuildConfiguration;
			buildSettings = {
				ALWAYS_SEARCH_USER_PATHS = NO;
				ARCHS = (
					i386,
					X86_64,
				);
				COPY_PHASE_STRIP = YES;
				CURRENT_PROJECT_VERSION = "";
				DSTROOT = /tmp/TangoClient.dst;
				EXPORTED_SYMBOLS_FILE = ./Exports.exp;
				FRAMEWORK_SEARCH_PATHS = "";
				GCC_ENABLE_FIX_AND_CONTINUE = NO;
				GCC_ENABLE_TRIGRAPHS = NO;
				GCC_GENERATE_DEBUGGING_SYMBOLS = NO;
				GCC_MODEL_TUNING = "";
				GCC_PRECOMPILE_PREFIX_HEADER = YES;
				GCC_PREFIX_HEADER = TangoClient_Prefix.pch;
				GCC_WARN_ABOUT_DEPRECATED_FUNCTIONS = NO;
				GCC_WARN_ABOUT_MISSING_PROTOTYPES = NO;
				GCC_WARN_FOUR_CHARACTER_CONSTANTS = NO;
				GCC_WARN_PROTOTYPE_CONVERSION = NO;
				GCC_WARN_UNKNOWN_PRAGMAS = NO;
				GENERATE_PKGINFO = YES;
				HEADER_SEARCH_PATHS = (
					"\"$(SRCROOT)/../../../tango-dist-i386/tango/include\"",
					"\"$(SRCROOT)/../../../tango-dist-i386/omniorb/include\"",
					"\"$(SRCROOT)/../../../tango-dist-i386/yat/include\"",
					"\"$(SRCROOT)/../../../tango-dist-i386/yat4tango/include\"",
					"\"$(SRCROOT)/../xopsupport\"",
				);
				INFOPLIST_FILE = Info.plist;
				INSTALL_PATH = "$(HOME)/Library/Bundles";
				LIBRARY_SEARCH_PATHS = (
					"\"$(SRCROOT)/../xopsupport/Xcode\"",
					"\"$(SRCROOT)/../../../tango-dist-i386/yat/lib-static\"",
					"\"$(SRCROOT)/../../../tango-dist-i386/yat4tango/lib-static\"",
					"\"$(SRCROOT)/../../../tango-dist-i386/omniorb/lib-static\"",
					"\"$(SRCROOT)/../../../tango-dist-i386/tango/lib-static\"",
					"\"$(DEVELOPER_DIR)/usr/lib/gcc/i686-apple-darwin10/4.2.1\"",
				);
				LIBRARY_STYLE = Bundle;
				OTHER_CFLAGS = "";
				OTHER_LDFLAGS = "";
				OTHER_REZFLAGS = "-i \"$(SRCROOT)/../xopsupport\" -d TARGET_RT_MAC_MACHO";
				PRODUCT_NAME = TangoClient;
				REZ_SEARCH_PATHS = "\"$(SRCROOT)/../xopsupport\"/**";
				SDKROOT = "$(DEVELOPER_SDK_DIR)/MacOSX10.5.sdk";
				SECTORDER_FLAGS = "";
				USER_HEADER_SEARCH_PATHS = "";
				VALID_ARCHS = "i386 x86_64";
				WARNING_CFLAGS = (
					"-Wmost",
					"-Wno-four-char-constants",
					"-Wno-unknown-pragmas",
				);
				WRAPPER_EXTENSION = xop;
				ZERO_LINK = NO;
			};
			name = Release;
		};
		8915520B093FB12E0062870E /* Debug */ = {
			isa = XCBuildConfiguration;
			buildSettings = {
				GCC_PREPROCESSOR_DEFINITIONS = "";
				REZ_PREPROCESSOR_DEFINITIONS = "";
				SDKROOT = "$(DEVELOPER_SDK_DIR)/MacOSX10.5.sdk";
				USER_HEADER_SEARCH_PATHS = "\"$(SRCROOT)/../../../tango-dist-i386/tango/include\"/** \"$(SRCROOT)/../../../tango-dist-i386/omniorb/include\"/** \"$(SRCROOT)/../../../tango-dist-i386/yat/include\"/** \"$(SRCROOT)/../../../tango-dist-i386/yat4tango/include\"/** \"$(SRCROOT)/../xopsupport\"/**";
			};
			name = Debug;
		};
		8915520C093FB12E0062870E /* Release */ = {
			isa = XCBuildConfiguration;
			buildSettings = {
				GCC_PREPROCESSOR_DEFINITIONS = "";
				REZ_PREPROCESSOR_DEFINITIONS = "";
				SDKROOT = "$(DEVELOPER_SDK_DIR)/MacOSX10.5.sdk";
				USER_HEADER_SEARCH_PATHS = "\"$(SRCROOT)/../../../tango-dist-i386/tango/include\"/** \"$(SRCROOT)/../../../tango-dist-i386/omniorb/include\"/** \"$(SRCROOT)/../../../tango-dist-i386/yat/include\"/** \"$(SRCROOT)/../../../tango-dist-i386/yat4tango/include\"/** \"$(SRCROOT)/../xopsupport\"/**";
			};
			name = Release;
		};
/* End XCBuildConfiguration section */

/* Begin XCConfigurationList section */
		89155206093FB12E0062870E /* Build configuration list for PBXNativeTarget "TangoClient" */ = {
			isa = XCConfigurationList;
			buildConfigurations = (
				89155207093FB12E0062870E /* Debug */,
				89155208093FB12E0062870E /* Release */,
			);
			defaultConfigurationIsVisible = 0;
			defaultConfigurationName = Debug;
		};
		8915520A093FB12E0062870E /* Build configuration list for PBXProject "IgorProBinding" */ = {
			isa = XCConfigurationList;
			buildConfigurations = (
				8915520B093FB12E0062870E /* Debug */,
				8915520C093FB12E0062870E /* Release */,
			);
			defaultConfigurationIsVisible = 0;
			defaultConfigurationName = Debug;
		};
/* End XCConfigurationList section */
	};
	rootObject = 089C1669FE841209C02AAC07 /* Project object */;
}
